{
  "originHash" : "dd7a5a4ed557a6ab5d2ae9527924bbd731a1be6b927289f8af145cb29f864dab",
  "pins" : [
    {
      "identity" : "macfacekit",
      "kind" : "remoteSourceControl",
      "location" : "https://github.com/400faces/MacFaceKit.git",
      "state" : {
        "revision" : "0c9ca3ee8f04594c8a50b59fb7d3d6c79842b8f2",
        "version" : "0.5.0"
      }
    }
  ],
  "version" : 3
}
