{
  "originHash" : "8b20a26ce19cf00ca8f7f394ec4f0e44fa5476a8aabb4b7ffe965eaf89761ba2",
  "pins" : [
    {
      "identity" : "macfacekit",
      "kind" : "remoteSourceControl",
      "location" : "https://github.com/400faces/MacFaceKit.git",
      "state" : {
        "revision" : "442b1c36c06bdc6258abf756b22d8e610ed1a93f",
        "version" : "0.4.3"
      }
    }
  ],
  "version" : 3
}
