{
  "originHash" : "494e72717317257a712dc38923095d9c60f329913f6f53b36feb7377a9f7d236",
  "pins" : [
    {
      "identity" : "macfacekit",
      "kind" : "remoteSourceControl",
      "location" : "https://github.com/400faces/MacFaceKit.git",
      "state" : {
        "revision" : "d67ddf0db65f164f3fe072889adf9e1a5f3d303a",
        "version" : "0.5.1"
      }
    }
  ],
  "version" : 3
}
